
Microsoft Visual Studio Solution File, Format Version 12.00
# Visual Studio Version 17
VisualStudioVersion = 17.0.31903.59
MinimumVisualStudioVersion = 10.0.40219.1
Project("{FAE04EC0-301F-11D3-BF4B-00C04F79EFBC}") = "Compiler", "Compiler\Compiler.csproj", "{6AC4833D-ECB3-4FE5-AAAE-ED0EDC6929C0}"
EndProject
Project("{FAE04EC0-301F-11D3-BF4B-00C04F79EFBC}") = "Compiler.Tests", "Compiler.Tests\Compiler.Tests.csproj", "{0DFA5BBF-D2AD-41D7-934C-1513579E83EC}"
EndProject
Global
	GlobalSection(SolutionConfigurationPlatforms) = preSolution
		Debug|Any CPU = Debug|Any CPU
		Release|Any CPU = Release|Any CPU
	EndGlobalSection
	GlobalSection(SolutionProperties) = preSolution
		HideSolutionNode = FALSE
	EndGlobalSection
	GlobalSection(ProjectConfigurationPlatforms) = postSolution
		{6AC4833D-ECB3-4FE5-AAAE-ED0EDC6929C0}.Debug|Any CPU.ActiveCfg = Debug|Any CPU
		{6AC4833D-ECB3-4FE5-AAAE-ED0EDC6929C0}.Debug|Any CPU.Build.0 = Debug|Any CPU
		{6AC4833D-ECB3-4FE5-AAAE-ED0EDC6929C0}.Release|Any CPU.ActiveCfg = Release|Any CPU
		{6AC4833D-ECB3-4FE5-AAAE-ED0EDC6929C0}.Release|Any CPU.Build.0 = Release|Any CPU
		{0DFA5BBF-D2AD-41D7-934C-1513579E83EC}.Debug|Any CPU.ActiveCfg = Debug|Any CPU
		{0DFA5BBF-D2AD-41D7-934C-1513579E83EC}.Debug|Any CPU.Build.0 = Debug|Any CPU
		{0DFA5BBF-D2AD-41D7-934C-1513579E83EC}.Release|Any CPU.ActiveCfg = Release|Any CPU
		{0DFA5BBF-D2AD-41D7-934C-1513579E83EC}.Release|Any CPU.Build.0 = Release|Any CPU
	EndGlobalSection
EndGlobal
